
Microsoft Visual Studio Solution File, Format Version 12.00
# Visual Studio Version 17
VisualStudioVersion = 17.5.33502.453
MinimumVisualStudioVersion = 10.0.40219.1
Project("{9A19103F-16F7-4668-BE54-9A1E7A4F7556}") = "ZdravoCorp", "ZdravoCorp\ZdravoCorp.csproj", "{028F3B63-6CC9-4748-9EC4-CEEF5171BDBF}"
EndProject
Project("{FAE04EC0-301F-11D3-BF4B-00C04F79EFBC}") = "ZdravoCorpCLI", "ZdravoCorpCLI\ZdravoCorpCLI.csproj", "{A13B29DB-38CE-421C-A61C-48467065C65F}"
EndProject
Global
	GlobalSection(SolutionConfigurationPlatforms) = preSolution
		Debug|Any CPU = Debug|Any CPU
		Debug|x64 = Debug|x64
		Debug|x86 = Debug|x86
		Release|Any CPU = Release|Any CPU
		Release|x64 = Release|x64
		Release|x86 = Release|x86
	EndGlobalSection
	GlobalSection(ProjectConfigurationPlatforms) = postSolution
		{028F3B63-6CC9-4748-9EC4-CEEF5171BDBF}.Debug|Any CPU.ActiveCfg = Debug|Any CPU
		{028F3B63-6CC9-4748-9EC4-CEEF5171BDBF}.Debug|Any CPU.Build.0 = Debug|Any CPU
		{028F3B63-6CC9-4748-9EC4-CEEF5171BDBF}.Debug|x64.ActiveCfg = Debug|Any CPU
		{028F3B63-6CC9-4748-9EC4-CEEF5171BDBF}.Debug|x64.Build.0 = Debug|Any CPU
		{028F3B63-6CC9-4748-9EC4-CEEF5171BDBF}.Debug|x86.ActiveCfg = Debug|Any CPU
		{028F3B63-6CC9-4748-9EC4-CEEF5171BDBF}.Debug|x86.Build.0 = Debug|Any CPU
		{028F3B63-6CC9-4748-9EC4-CEEF5171BDBF}.Release|Any CPU.ActiveCfg = Release|Any CPU
		{028F3B63-6CC9-4748-9EC4-CEEF5171BDBF}.Release|Any CPU.Build.0 = Release|Any CPU
		{028F3B63-6CC9-4748-9EC4-CEEF5171BDBF}.Release|x64.ActiveCfg = Release|Any CPU
		{028F3B63-6CC9-4748-9EC4-CEEF5171BDBF}.Release|x64.Build.0 = Release|Any CPU
		{028F3B63-6CC9-4748-9EC4-CEEF5171BDBF}.Release|x86.ActiveCfg = Release|Any CPU
		{028F3B63-6CC9-4748-9EC4-CEEF5171BDBF}.Release|x86.Build.0 = Release|Any CPU
		{A13B29DB-38CE-421C-A61C-48467065C65F}.Debug|Any CPU.ActiveCfg = Debug|Any CPU
		{A13B29DB-38CE-421C-A61C-48467065C65F}.Debug|Any CPU.Build.0 = Debug|Any CPU
		{A13B29DB-38CE-421C-A61C-48467065C65F}.Debug|x64.ActiveCfg = Debug|Any CPU
		{A13B29DB-38CE-421C-A61C-48467065C65F}.Debug|x64.Build.0 = Debug|Any CPU
		{A13B29DB-38CE-421C-A61C-48467065C65F}.Debug|x86.ActiveCfg = Debug|Any CPU
		{A13B29DB-38CE-421C-A61C-48467065C65F}.Debug|x86.Build.0 = Debug|Any CPU
		{A13B29DB-38CE-421C-A61C-48467065C65F}.Release|Any CPU.ActiveCfg = Release|Any CPU
		{A13B29DB-38CE-421C-A61C-48467065C65F}.Release|Any CPU.Build.0 = Release|Any CPU
		{A13B29DB-38CE-421C-A61C-48467065C65F}.Release|x64.ActiveCfg = Release|Any CPU
		{A13B29DB-38CE-421C-A61C-48467065C65F}.Release|x64.Build.0 = Release|Any CPU
		{A13B29DB-38CE-421C-A61C-48467065C65F}.Release|x86.ActiveCfg = Release|Any CPU
		{A13B29DB-38CE-421C-A61C-48467065C65F}.Release|x86.Build.0 = Release|Any CPU
	EndGlobalSection
	GlobalSection(SolutionProperties) = preSolution
		HideSolutionNode = FALSE
	EndGlobalSection
	GlobalSection(ExtensibilityGlobals) = postSolution
		SolutionGuid = {2BD92C93-19CB-42B1-8DF7-CACA1D995FE1}
	EndGlobalSection
EndGlobal
